
Microsoft Visual Studio Solution File, Format Version 12.00
# Visual Studio Version 17
VisualStudioVersion = 17.0.31912.275
MinimumVisualStudioVersion = 10.0.40219.1
Project("{FAE04EC0-301F-11D3-BF4B-00C04F79EFBC}") = "EFCoreTests", "EFCoreTests\EFCoreTests.csproj", "{BA7A0C6F-FD79-4C03-AA71-A36A70DA4D34}"
EndProject
Project("{FAE04EC0-301F-11D3-BF4B-00C04F79EFBC}") = "EFCoreConsole", "EFCoreConsole\EFCoreConsole.csproj", "{36C63732-CC2E-4225-A1FC-B4C5E9B27275}"
EndProject
Global
	GlobalSection(SolutionConfigurationPlatforms) = preSolution
		Debug|Any CPU = Debug|Any CPU
		Release|Any CPU = Release|Any CPU
	EndGlobalSection
	GlobalSection(ProjectConfigurationPlatforms) = postSolution
		{BA7A0C6F-FD79-4C03-AA71-A36A70DA4D34}.Debug|Any CPU.ActiveCfg = Debug|Any CPU
		{BA7A0C6F-FD79-4C03-AA71-A36A70DA4D34}.Debug|Any CPU.Build.0 = Debug|Any CPU
		{BA7A0C6F-FD79-4C03-AA71-A36A70DA4D34}.Release|Any CPU.ActiveCfg = Release|Any CPU
		{BA7A0C6F-FD79-4C03-AA71-A36A70DA4D34}.Release|Any CPU.Build.0 = Release|Any CPU
		{36C63732-CC2E-4225-A1FC-B4C5E9B27275}.Debug|Any CPU.ActiveCfg = Debug|Any CPU
		{36C63732-CC2E-4225-A1FC-B4C5E9B27275}.Debug|Any CPU.Build.0 = Debug|Any CPU
		{36C63732-CC2E-4225-A1FC-B4C5E9B27275}.Release|Any CPU.ActiveCfg = Release|Any CPU
		{36C63732-CC2E-4225-A1FC-B4C5E9B27275}.Release|Any CPU.Build.0 = Release|Any CPU
	EndGlobalSection
	GlobalSection(SolutionProperties) = preSolution
		HideSolutionNode = FALSE
	EndGlobalSection
	GlobalSection(ExtensibilityGlobals) = postSolution
		SolutionGuid = {4253ED94-C796-4B58-A54B-0196C288D3C0}
	EndGlobalSection
EndGlobal
